
Microsoft Visual Studio Solution File, Format Version 12.00
# Visual Studio Version 16
VisualStudioVersion = 16.0.29123.88
MinimumVisualStudioVersion = 10.0.40219.1
Project("{9A19103F-16F7-4668-BE54-9A1E7A4F7556}") = "DesignPattern", "DesignPattern\DesignPattern.csproj", "{C7140134-46B9-4E81-8C34-EF8B06F3763A}"
EndProject
Global
	GlobalSection(SolutionConfigurationPlatforms) = preSolution
		Debug|Any CPU = Debug|Any CPU
		Release|Any CPU = Release|Any CPU
	EndGlobalSection
	GlobalSection(ProjectConfigurationPlatforms) = postSolution
		{C7140134-46B9-4E81-8C34-EF8B06F3763A}.Debug|Any CPU.ActiveCfg = Debug|Any CPU
		{C7140134-46B9-4E81-8C34-EF8B06F3763A}.Debug|Any CPU.Build.0 = Debug|Any CPU
		{C7140134-46B9-4E81-8C34-EF8B06F3763A}.Release|Any CPU.ActiveCfg = Release|Any CPU
		{C7140134-46B9-4E81-8C34-EF8B06F3763A}.Release|Any CPU.Build.0 = Release|Any CPU
	EndGlobalSection
	GlobalSection(SolutionProperties) = preSolution
		HideSolutionNode = FALSE
	EndGlobalSection
	GlobalSection(ExtensibilityGlobals) = postSolution
		SolutionGuid = {E262CDFB-2781-4AB9-8B2C-C11EAAEA350D}
	EndGlobalSection
EndGlobal
